
Microsoft Visual Studio Solution File, Format Version 12.00
# Visual Studio Version 16
VisualStudioVersion = 16.0.31911.196
MinimumVisualStudioVersion = 10.0.40219.1
Project("{FAE04EC0-301F-11D3-BF4B-00C04F79EFBC}") = "Intro_OOP_lesson3", "Intro_OOP_lesson3\Intro_OOP_lesson3.csproj", "{86891E53-AC46-4F5C-8163-97ECCFAF167D}"
EndProject
Global
	GlobalSection(SolutionConfigurationPlatforms) = preSolution
		Debug|Any CPU = Debug|Any CPU
		Release|Any CPU = Release|Any CPU
	EndGlobalSection
	GlobalSection(ProjectConfigurationPlatforms) = postSolution
		{86891E53-AC46-4F5C-8163-97ECCFAF167D}.Debug|Any CPU.ActiveCfg = Debug|Any CPU
		{86891E53-AC46-4F5C-8163-97ECCFAF167D}.Debug|Any CPU.Build.0 = Debug|Any CPU
		{86891E53-AC46-4F5C-8163-97ECCFAF167D}.Release|Any CPU.ActiveCfg = Release|Any CPU
		{86891E53-AC46-4F5C-8163-97ECCFAF167D}.Release|Any CPU.Build.0 = Release|Any CPU
	EndGlobalSection
	GlobalSection(SolutionProperties) = preSolution
		HideSolutionNode = FALSE
	EndGlobalSection
	GlobalSection(ExtensibilityGlobals) = postSolution
		SolutionGuid = {89B7B55F-D528-426E-8435-36A443391739}
	EndGlobalSection
EndGlobal
